// !$*UTF8*$!
{
	archiveVersion = 1;
	classes = {
	};
	objectVersion = 77;
	objects = {

/* Begin PBXBuildFile section */
		0E6E23892D8B9CB70081FEFF /* TransactionsHistoryViewModel.swift in Sources */ = {isa = PBXBuildFile; fileRef = 0E6E23882D8B9CB70081FEFF /* TransactionsHistoryViewModel.swift */; };
		0E6E23912D8B9D210081FEFF /* CalculatorViewModel.swift in Sources */ = {isa = PBXBuildFile; fileRef = 0E6E23902D8B9D200081FEFF /* CalculatorViewModel.swift */; };
		0E6E23962D8B9FA60081FEFF /* FirebaseCore in Frameworks */ = {isa = PBXBuildFile; productRef = 0E6E23952D8B9FA60081FEFF /* FirebaseCore */; };
		0E6E23982D8B9FA60081FEFF /* FirebaseFirestore in Frameworks */ = {isa = PBXBuildFile; productRef = 0E6E23972D8B9FA60081FEFF /* FirebaseFirestore */; };
		0E6E239B2D8BB5C40081FEFF /* DateExtension.swift in Sources */ = {isa = PBXBuildFile; fileRef = 0E6E239A2D8BB5C00081FEFF /* DateExtension.swift */; };
		0E6E239F2D8BC0170081FEFF /* GoogleService-Info.plist in Resources */ = {isa = PBXBuildFile; fileRef = 0E6E239E2D8BC0170081FEFF /* GoogleService-Info.plist */; };
		0E6E23A32D8E48C50081FEFF /* StatusView.swift in Sources */ = {isa = PBXBuildFile; fileRef = 0E6E23A22D8E48C50081FEFF /* StatusView.swift */; };
		0E91AE8A2D93860D00501EC1 /* TransactionModel.swift in Sources */ = {isa = PBXBuildFile; fileRef = 0E91AE892D93860400501EC1 /* TransactionModel.swift */; };
		0E91AE8D2D9387E600501EC1 /* LoadingModifier.swift in Sources */ = {isa = PBXBuildFile; fileRef = 0E91AE8C2D9387E600501EC1 /* LoadingModifier.swift */; };
		0E91AE8F2D938F4200501EC1 /* PaymentType.swift in Sources */ = {isa = PBXBuildFile; fileRef = 0E91AE8E2D938F4100501EC1 /* PaymentType.swift */; };
		0E91AE912D938F5F00501EC1 /* TransactionStatus.swift in Sources */ = {isa = PBXBuildFile; fileRef = 0E91AE902D938F5E00501EC1 /* TransactionStatus.swift */; };
		0E9E16262D85ED7B006375D0 /* Preview Assets.xcassets in Resources */ = {isa = PBXBuildFile; fileRef = 0E9E161F2D85ED7B006375D0 /* Preview Assets.xcassets */; };
		0E9E16272D85ED7B006375D0 /* Assets.xcassets in Resources */ = {isa = PBXBuildFile; fileRef = 0E9E16212D85ED7B006375D0 /* Assets.xcassets */; };
		0E9E16282D85ED7B006375D0 /* CalculatorViewApp.swift in Sources */ = {isa = PBXBuildFile; fileRef = 0E9E16232D85ED7B006375D0 /* CalculatorViewApp.swift */; };
		0E9E16292D85ED7B006375D0 /* ContentView.swift in Sources */ = {isa = PBXBuildFile; fileRef = 0E9E16242D85ED7B006375D0 /* ContentView.swift */; };
		0E9E162B2D85EDA4006375D0 /* CalculatorView.swift in Sources */ = {isa = PBXBuildFile; fileRef = 0E9E162A2D85EDA4006375D0 /* CalculatorView.swift */; };
		0E9E162D2D85F5DD006375D0 /* ColorExtension.swift in Sources */ = {isa = PBXBuildFile; fileRef = 0E9E162C2D85F5DD006375D0 /* ColorExtension.swift */; };
		0E9E162F2D8639CB006375D0 /* TransactionsHistoryView.swift in Sources */ = {isa = PBXBuildFile; fileRef = 0E9E162E2D8639CB006375D0 /* TransactionsHistoryView.swift */; };
		0E9E16312D8639F8006375D0 /* Modifiers.swift in Sources */ = {isa = PBXBuildFile; fileRef = 0E9E16302D8639F3006375D0 /* Modifiers.swift */; };
		0E9E16332D863AE5006375D0 /* SummaryView.swift in Sources */ = {isa = PBXBuildFile; fileRef = 0E9E16322D863AE5006375D0 /* SummaryView.swift */; };
		0E9E16372D863DA7006375D0 /* EarningRow.swift in Sources */ = {isa = PBXBuildFile; fileRef = 0E9E16362D863DA2006375D0 /* EarningRow.swift */; };
		0EB6031D2D9452AA00FA6567 /* TransactionDetailsView.swift in Sources */ = {isa = PBXBuildFile; fileRef = 0EB6031C2D9452AA00FA6567 /* TransactionDetailsView.swift */; };
		0EB6031F2D94544C00FA6567 /* StringExtension.swift in Sources */ = {isa = PBXBuildFile; fileRef = 0EB6031E2D94544800FA6567 /* StringExtension.swift */; };
		0EB603212D94581400FA6567 /* TransactionDetailsViewModel.swift in Sources */ = {isa = PBXBuildFile; fileRef = 0EB603202D94581200FA6567 /* TransactionDetailsViewModel.swift */; };
		0EB603262D9465EF00FA6567 /* AuthenticationManager.swift in Sources */ = {isa = PBXBuildFile; fileRef = 0EB603252D9465EE00FA6567 /* AuthenticationManager.swift */; };
		0EB603282D94664100FA6567 /* FirebaseAuth in Frameworks */ = {isa = PBXBuildFile; productRef = 0EB603272D94664100FA6567 /* FirebaseAuth */; };
		0EB6032A2D94667E00FA6567 /* LoginViewModel.swift in Sources */ = {isa = PBXBuildFile; fileRef = 0EB603292D94667B00FA6567 /* LoginViewModel.swift */; };
		0EB6032C2D94668A00FA6567 /* RegisterViewModel.swift in Sources */ = {isa = PBXBuildFile; fileRef = 0EB6032B2D94668900FA6567 /* RegisterViewModel.swift */; };
		0EB6032E2D94669900FA6567 /* LoginView.swift in Sources */ = {isa = PBXBuildFile; fileRef = 0EB6032D2D94669900FA6567 /* LoginView.swift */; };
		0EB603302D9466BD00FA6567 /* RegisterView.swift in Sources */ = {isa = PBXBuildFile; fileRef = 0EB6032F2D9466BC00FA6567 /* RegisterView.swift */; };
		0EB603332D94675A00FA6567 /* ProfileViewModel.swift in Sources */ = {isa = PBXBuildFile; fileRef = 0EB603322D94675900FA6567 /* ProfileViewModel.swift */; };
		0EB603352D94676D00FA6567 /* ProfileView.swift in Sources */ = {isa = PBXBuildFile; fileRef = 0EB603342D94676C00FA6567 /* ProfileView.swift */; };
		0EB603382D9467D500FA6567 /* ContentViewModel.swift in Sources */ = {isa = PBXBuildFile; fileRef = 0EB603372D9467D000FA6567 /* ContentViewModel.swift */; };
		0EB6033A2D946BF400FA6567 /* AuthenticationTabView.swift in Sources */ = {isa = PBXBuildFile; fileRef = 0EB603392D946BF300FA6567 /* AuthenticationTabView.swift */; };
		0EB6033C2D9473E600FA6567 /* DefaultTextFieldStyle.swift in Sources */ = {isa = PBXBuildFile; fileRef = 0EB6033B2D9473E500FA6567 /* DefaultTextFieldStyle.swift */; };
		0EB6033E2D94748300FA6567 /* ButtonStyleModifier.swift in Sources */ = {isa = PBXBuildFile; fileRef = 0EB6033D2D94748200FA6567 /* ButtonStyleModifier.swift */; };
		0EB603402D95963400FA6567 /* DoubleExtension.swift in Sources */ = {isa = PBXBuildFile; fileRef = 0EB6033F2D95963000FA6567 /* DoubleExtension.swift */; };
		0EB603422D9596D400FA6567 /* AlertModifier.swift in Sources */ = {isa = PBXBuildFile; fileRef = 0EB603412D9596D300FA6567 /* AlertModifier.swift */; };
		0EB603452D95A85500FA6567 /* AlertState.swift in Sources */ = {isa = PBXBuildFile; fileRef = 0EB603442D95A85300FA6567 /* AlertState.swift */; };
		0EB603472D95B76F00FA6567 /* CardStyleModifier.swift in Sources */ = {isa = PBXBuildFile; fileRef = 0EB603462D95B76A00FA6567 /* CardStyleModifier.swift */; };
/* End PBXBuildFile section */

/* Begin PBXFileReference section */
		0E6E23882D8B9CB70081FEFF /* TransactionsHistoryViewModel.swift */ = {isa = PBXFileReference; lastKnownFileType = sourcecode.swift; path = TransactionsHistoryViewModel.swift; sourceTree = "<group>"; };
		0E6E23902D8B9D200081FEFF /* CalculatorViewModel.swift */ = {isa = PBXFileReference; lastKnownFileType = sourcecode.swift; path = CalculatorViewModel.swift; sourceTree = "<group>"; };
		0E6E239A2D8BB5C00081FEFF /* DateExtension.swift */ = {isa = PBXFileReference; lastKnownFileType = sourcecode.swift; path = DateExtension.swift; sourceTree = "<group>"; };
		0E6E239E2D8BC0170081FEFF /* GoogleService-Info.plist */ = {isa = PBXFileReference; lastKnownFileType = text.plist.xml; path = "GoogleService-Info.plist"; sourceTree = "<group>"; };
		0E6E23A22D8E48C50081FEFF /* StatusView.swift */ = {isa = PBXFileReference; lastKnownFileType = sourcecode.swift; path = StatusView.swift; sourceTree = "<group>"; };
		0E91AE892D93860400501EC1 /* TransactionModel.swift */ = {isa = PBXFileReference; lastKnownFileType = sourcecode.swift; path = TransactionModel.swift; sourceTree = "<group>"; };
		0E91AE8C2D9387E600501EC1 /* LoadingModifier.swift */ = {isa = PBXFileReference; lastKnownFileType = sourcecode.swift; path = LoadingModifier.swift; sourceTree = "<group>"; };
		0E91AE8E2D938F4100501EC1 /* PaymentType.swift */ = {isa = PBXFileReference; lastKnownFileType = sourcecode.swift; path = PaymentType.swift; sourceTree = "<group>"; };
		0E91AE902D938F5E00501EC1 /* TransactionStatus.swift */ = {isa = PBXFileReference; lastKnownFileType = sourcecode.swift; path = TransactionStatus.swift; sourceTree = "<group>"; };
		0E9E160D2D85ED6E006375D0 /* CalculatorView.app */ = {isa = PBXFileReference; explicitFileType = wrapper.application; includeInIndex = 0; path = CalculatorView.app; sourceTree = BUILT_PRODUCTS_DIR; };
		0E9E161F2D85ED7B006375D0 /* Preview Assets.xcassets */ = {isa = PBXFileReference; lastKnownFileType = folder.assetcatalog; path = "Preview Assets.xcassets"; sourceTree = "<group>"; };
		0E9E16212D85ED7B006375D0 /* Assets.xcassets */ = {isa = PBXFileReference; lastKnownFileType = folder.assetcatalog; path = Assets.xcassets; sourceTree = "<group>"; };
		0E9E16222D85ED7B006375D0 /* CalculatorView.entitlements */ = {isa = PBXFileReference; lastKnownFileType = text.plist.entitlements; path = CalculatorView.entitlements; sourceTree = "<group>"; };
		0E9E16232D85ED7B006375D0 /* CalculatorViewApp.swift */ = {isa = PBXFileReference; lastKnownFileType = sourcecode.swift; path = CalculatorViewApp.swift; sourceTree = "<group>"; };
		0E9E16242D85ED7B006375D0 /* ContentView.swift */ = {isa = PBXFileReference; lastKnownFileType = sourcecode.swift; path = ContentView.swift; sourceTree = "<group>"; };
		0E9E162A2D85EDA4006375D0 /* CalculatorView.swift */ = {isa = PBXFileReference; lastKnownFileType = sourcecode.swift; path = CalculatorView.swift; sourceTree = "<group>"; };
		0E9E162C2D85F5DD006375D0 /* ColorExtension.swift */ = {isa = PBXFileReference; lastKnownFileType = sourcecode.swift; path = ColorExtension.swift; sourceTree = "<group>"; };
		0E9E162E2D8639CB006375D0 /* TransactionsHistoryView.swift */ = {isa = PBXFileReference; lastKnownFileType = sourcecode.swift; path = TransactionsHistoryView.swift; sourceTree = "<group>"; };
		0E9E16302D8639F3006375D0 /* Modifiers.swift */ = {isa = PBXFileReference; lastKnownFileType = sourcecode.swift; path = Modifiers.swift; sourceTree = "<group>"; };
		0E9E16322D863AE5006375D0 /* SummaryView.swift */ = {isa = PBXFileReference; lastKnownFileType = sourcecode.swift; path = SummaryView.swift; sourceTree = "<group>"; };
		0E9E16362D863DA2006375D0 /* EarningRow.swift */ = {isa = PBXFileReference; lastKnownFileType = sourcecode.swift; path = EarningRow.swift; sourceTree = "<group>"; };
		0EB6031C2D9452AA00FA6567 /* TransactionDetailsView.swift */ = {isa = PBXFileReference; lastKnownFileType = sourcecode.swift; path = TransactionDetailsView.swift; sourceTree = "<group>"; };
		0EB6031E2D94544800FA6567 /* StringExtension.swift */ = {isa = PBXFileReference; lastKnownFileType = sourcecode.swift; path = StringExtension.swift; sourceTree = "<group>"; };
		0EB603202D94581200FA6567 /* TransactionDetailsViewModel.swift */ = {isa = PBXFileReference; lastKnownFileType = sourcecode.swift; path = TransactionDetailsViewModel.swift; sourceTree = "<group>"; };
		0EB603252D9465EE00FA6567 /* AuthenticationManager.swift */ = {isa = PBXFileReference; lastKnownFileType = sourcecode.swift; path = AuthenticationManager.swift; sourceTree = "<group>"; };
		0EB603292D94667B00FA6567 /* LoginViewModel.swift */ = {isa = PBXFileReference; lastKnownFileType = sourcecode.swift; path = LoginViewModel.swift; sourceTree = "<group>"; };
		0EB6032B2D94668900FA6567 /* RegisterViewModel.swift */ = {isa = PBXFileReference; lastKnownFileType = sourcecode.swift; path = RegisterViewModel.swift; sourceTree = "<group>"; };
		0EB6032D2D94669900FA6567 /* LoginView.swift */ = {isa = PBXFileReference; lastKnownFileType = sourcecode.swift; path = LoginView.swift; sourceTree = "<group>"; };
		0EB6032F2D9466BC00FA6567 /* RegisterView.swift */ = {isa = PBXFileReference; lastKnownFileType = sourcecode.swift; path = RegisterView.swift; sourceTree = "<group>"; };
		0EB603322D94675900FA6567 /* ProfileViewModel.swift */ = {isa = PBXFileReference; lastKnownFileType = sourcecode.swift; path = ProfileViewModel.swift; sourceTree = "<group>"; };
		0EB603342D94676C00FA6567 /* ProfileView.swift */ = {isa = PBXFileReference; lastKnownFileType = sourcecode.swift; path = ProfileView.swift; sourceTree = "<group>"; };
		0EB603372D9467D000FA6567 /* ContentViewModel.swift */ = {isa = PBXFileReference; lastKnownFileType = sourcecode.swift; path = ContentViewModel.swift; sourceTree = "<group>"; };
		0EB603392D946BF300FA6567 /* AuthenticationTabView.swift */ = {isa = PBXFileReference; lastKnownFileType = sourcecode.swift; path = AuthenticationTabView.swift; sourceTree = "<group>"; };
		0EB6033B2D9473E500FA6567 /* DefaultTextFieldStyle.swift */ = {isa = PBXFileReference; lastKnownFileType = sourcecode.swift; path = DefaultTextFieldStyle.swift; sourceTree = "<group>"; };
		0EB6033D2D94748200FA6567 /* ButtonStyleModifier.swift */ = {isa = PBXFileReference; lastKnownFileType = sourcecode.swift; path = ButtonStyleModifier.swift; sourceTree = "<group>"; };
		0EB6033F2D95963000FA6567 /* DoubleExtension.swift */ = {isa = PBXFileReference; lastKnownFileType = sourcecode.swift; path = DoubleExtension.swift; sourceTree = "<group>"; };
		0EB603412D9596D300FA6567 /* AlertModifier.swift */ = {isa = PBXFileReference; lastKnownFileType = sourcecode.swift; path = AlertModifier.swift; sourceTree = "<group>"; };
		0EB603442D95A85300FA6567 /* AlertState.swift */ = {isa = PBXFileReference; lastKnownFileType = sourcecode.swift; path = AlertState.swift; sourceTree = "<group>"; };
		0EB603462D95B76A00FA6567 /* CardStyleModifier.swift */ = {isa = PBXFileReference; lastKnownFileType = sourcecode.swift; path = CardStyleModifier.swift; sourceTree = "<group>"; };
/* End PBXFileReference section */

/* Begin PBXFrameworksBuildPhase section */
		0E9E160A2D85ED6E006375D0 /* Frameworks */ = {
			isa = PBXFrameworksBuildPhase;
			buildActionMask = 2147483647;
			files = (
				0E6E23962D8B9FA60081FEFF /* FirebaseCore in Frameworks */,
				0EB603282D94664100FA6567 /* FirebaseAuth in Frameworks */,
				0E6E23982D8B9FA60081FEFF /* FirebaseFirestore in Frameworks */,
			);
			runOnlyForDeploymentPostprocessing = 0;
		};
/* End PBXFrameworksBuildPhase section */

/* Begin PBXGroup section */
		0E6E238A2D8B9CBC0081FEFF /* Modules */ = {
			isa = PBXGroup;
			children = (
				0EB603362D9467BE00FA6567 /* AppView */,
				0EB603222D9464C700FA6567 /* Authentication */,
				0E6E238B2D8B9CCD0081FEFF /* CalculatorView */,
				0E6E238C2D8B9CD90081FEFF /* SummaryView */,
				0E6E238D2D8B9CEA0081FEFF /* TransactionsHistoryView */,
			);
			path = Modules;
			sourceTree = "<group>";
		};
		0E6E238B2D8B9CCD0081FEFF /* CalculatorView */ = {
			isa = PBXGroup;
			children = (
				0E9E162A2D85EDA4006375D0 /* CalculatorView.swift */,
				0E6E23902D8B9D200081FEFF /* CalculatorViewModel.swift */,
				0E91AE8E2D938F4100501EC1 /* PaymentType.swift */,
				0E91AE902D938F5E00501EC1 /* TransactionStatus.swift */,
			);
			path = CalculatorView;
			sourceTree = "<group>";
		};
		0E6E238C2D8B9CD90081FEFF /* SummaryView */ = {
			isa = PBXGroup;
			children = (
				0E9E16322D863AE5006375D0 /* SummaryView.swift */,
			);
			path = SummaryView;
			sourceTree = "<group>";
		};
		0E6E238D2D8B9CEA0081FEFF /* TransactionsHistoryView */ = {
			isa = PBXGroup;
			children = (
				0E9E162E2D8639CB006375D0 /* TransactionsHistoryView.swift */,
				0E6E23882D8B9CB70081FEFF /* TransactionsHistoryViewModel.swift */,
				0E91AE892D93860400501EC1 /* TransactionModel.swift */,
				0EB6031C2D9452AA00FA6567 /* TransactionDetailsView.swift */,
				0EB603202D94581200FA6567 /* TransactionDetailsViewModel.swift */,
			);
			path = TransactionsHistoryView;
			sourceTree = "<group>";
		};
		0E6E23992D8BB5B60081FEFF /* Extensions */ = {
			isa = PBXGroup;
			children = (
				0EB6033F2D95963000FA6567 /* DoubleExtension.swift */,
				0EB6031E2D94544800FA6567 /* StringExtension.swift */,
				0E6E239A2D8BB5C00081FEFF /* DateExtension.swift */,
				0E9E162C2D85F5DD006375D0 /* ColorExtension.swift */,
			);
			path = Extensions;
			sourceTree = "<group>";
		};
		0E6E23A02D8E48B50081FEFF /* Shared */ = {
			isa = PBXGroup;
			children = (
				0EB603432D95A84800FA6567 /* Utils */,
				0E6E23A12D8E48BB0081FEFF /* Views */,
			);
			path = Shared;
			sourceTree = "<group>";
		};
		0E6E23A12D8E48BB0081FEFF /* Views */ = {
			isa = PBXGroup;
			children = (
				0E6E23A22D8E48C50081FEFF /* StatusView.swift */,
				0E9E16362D863DA2006375D0 /* EarningRow.swift */,
			);
			path = Views;
			sourceTree = "<group>";
		};
		0E91AE8B2D9387D400501EC1 /* Modifiers */ = {
			isa = PBXGroup;
			children = (
				0EB603462D95B76A00FA6567 /* CardStyleModifier.swift */,
				0EB603412D9596D300FA6567 /* AlertModifier.swift */,
				0EB6033D2D94748200FA6567 /* ButtonStyleModifier.swift */,
				0EB6033B2D9473E500FA6567 /* DefaultTextFieldStyle.swift */,
				0E91AE8C2D9387E600501EC1 /* LoadingModifier.swift */,
				0E9E16302D8639F3006375D0 /* Modifiers.swift */,
			);
			path = Modifiers;
			sourceTree = "<group>";
		};
		0E9E16042D85ED6E006375D0 = {
			isa = PBXGroup;
			children = (
				0E9E16252D85ED7B006375D0 /* CalculatorView */,
				0E9E160E2D85ED6E006375D0 /* Products */,
			);
			sourceTree = "<group>";
		};
		0E9E160E2D85ED6E006375D0 /* Products */ = {
			isa = PBXGroup;
			children = (
				0E9E160D2D85ED6E006375D0 /* CalculatorView.app */,
			);
			name = Products;
			sourceTree = "<group>";
		};
		0E9E16202D85ED7B006375D0 /* Preview Content */ = {
			isa = PBXGroup;
			children = (
				0E9E161F2D85ED7B006375D0 /* Preview Assets.xcassets */,
			);
			path = "Preview Content";
			sourceTree = "<group>";
		};
		0E9E16252D85ED7B006375D0 /* CalculatorView */ = {
			isa = PBXGroup;
			children = (
				0E9E16222D85ED7B006375D0 /* CalculatorView.entitlements */,
				0E6E239E2D8BC0170081FEFF /* GoogleService-Info.plist */,
				0E9E16232D85ED7B006375D0 /* CalculatorViewApp.swift */,
				0E9E16212D85ED7B006375D0 /* Assets.xcassets */,
				0E91AE8B2D9387D400501EC1 /* Modifiers */,
				0E6E23992D8BB5B60081FEFF /* Extensions */,
				0E6E238A2D8B9CBC0081FEFF /* Modules */,
				0E9E16202D85ED7B006375D0 /* Preview Content */,
				0E6E23A02D8E48B50081FEFF /* Shared */,
			);
			path = CalculatorView;
			sourceTree = "<group>";
		};
		0EB603222D9464C700FA6567 /* Authentication */ = {
			isa = PBXGroup;
			children = (
				0EB603252D9465EE00FA6567 /* AuthenticationManager.swift */,
				0EB603392D946BF300FA6567 /* AuthenticationTabView.swift */,
				0EB603232D9464CE00FA6567 /* LoginView */,
				0EB603312D94675300FA6567 /* Profile */,
				0EB603242D9464D700FA6567 /* RegisterView */,
			);
			path = Authentication;
			sourceTree = "<group>";
		};
		0EB603232D9464CE00FA6567 /* LoginView */ = {
			isa = PBXGroup;
			children = (
				0EB6032D2D94669900FA6567 /* LoginView.swift */,
				0EB603292D94667B00FA6567 /* LoginViewModel.swift */,
			);
			path = LoginView;
			sourceTree = "<group>";
		};
		0EB603242D9464D700FA6567 /* RegisterView */ = {
			isa = PBXGroup;
			children = (
				0EB6032F2D9466BC00FA6567 /* RegisterView.swift */,
				0EB6032B2D94668900FA6567 /* RegisterViewModel.swift */,
			);
			path = RegisterView;
			sourceTree = "<group>";
		};
		0EB603312D94675300FA6567 /* Profile */ = {
			isa = PBXGroup;
			children = (
				0EB603342D94676C00FA6567 /* ProfileView.swift */,
				0EB603322D94675900FA6567 /* ProfileViewModel.swift */,
			);
			path = Profile;
			sourceTree = "<group>";
		};
		0EB603362D9467BE00FA6567 /* AppView */ = {
			isa = PBXGroup;
			children = (
				0EB603372D9467D000FA6567 /* ContentViewModel.swift */,
				0E9E16242D85ED7B006375D0 /* ContentView.swift */,
			);
			path = AppView;
			sourceTree = "<group>";
		};
		0EB603432D95A84800FA6567 /* Utils */ = {
			isa = PBXGroup;
			children = (
				0EB603442D95A85300FA6567 /* AlertState.swift */,
			);
			path = Utils;
			sourceTree = "<group>";
		};
/* End PBXGroup section */

/* Begin PBXNativeTarget section */
		0E9E160C2D85ED6E006375D0 /* CalculatorView */ = {
			isa = PBXNativeTarget;
			buildConfigurationList = 0E9E161C2D85ED71006375D0 /* Build configuration list for PBXNativeTarget "CalculatorView" */;
			buildPhases = (
				0E9E16092D85ED6E006375D0 /* Sources */,
				0E9E160A2D85ED6E006375D0 /* Frameworks */,
				0E9E160B2D85ED6E006375D0 /* Resources */,
			);
			buildRules = (
			);
			dependencies = (
			);
			name = CalculatorView;
			packageProductDependencies = (
				0E6E23952D8B9FA60081FEFF /* FirebaseCore */,
				0E6E23972D8B9FA60081FEFF /* FirebaseFirestore */,
				0EB603272D94664100FA6567 /* FirebaseAuth */,
			);
			productName = CalculatorView;
			productReference = 0E9E160D2D85ED6E006375D0 /* CalculatorView.app */;
			productType = "com.apple.product-type.application";
		};
/* End PBXNativeTarget section */

/* Begin PBXProject section */
		0E9E16052D85ED6E006375D0 /* Project object */ = {
			isa = PBXProject;
			attributes = {
				BuildIndependentTargetsInParallel = 1;
				LastSwiftUpdateCheck = 1620;
				LastUpgradeCheck = 1620;
				TargetAttributes = {
					0E9E160C2D85ED6E006375D0 = {
						CreatedOnToolsVersion = 16.2;
					};
				};
			};
			buildConfigurationList = 0E9E16082D85ED6E006375D0 /* Build configuration list for PBXProject "CalculatorView" */;
			developmentRegion = en;
			hasScannedForEncodings = 0;
			knownRegions = (
				en,
				Base,
			);
			mainGroup = 0E9E16042D85ED6E006375D0;
			minimizedProjectReferenceProxies = 1;
			packageReferences = (
				0E6E23942D8B9FA60081FEFF /* XCRemoteSwiftPackageReference "firebase-ios-sdk" */,
			);
			preferredProjectObjectVersion = 77;
			productRefGroup = 0E9E160E2D85ED6E006375D0 /* Products */;
			projectDirPath = "";
			projectRoot = "";
			targets = (
				0E9E160C2D85ED6E006375D0 /* CalculatorView */,
			);
		};
/* End PBXProject section */

/* Begin PBXResourcesBuildPhase section */
		0E9E160B2D85ED6E006375D0 /* Resources */ = {
			isa = PBXResourcesBuildPhase;
			buildActionMask = 2147483647;
			files = (
				0E9E16262D85ED7B006375D0 /* Preview Assets.xcassets in Resources */,
				0E9E16272D85ED7B006375D0 /* Assets.xcassets in Resources */,
				0E6E239F2D8BC0170081FEFF /* GoogleService-Info.plist in Resources */,
			);
			runOnlyForDeploymentPostprocessing = 0;
		};
/* End PBXResourcesBuildPhase section */

/* Begin PBXSourcesBuildPhase section */
		0E9E16092D85ED6E006375D0 /* Sources */ = {
			isa = PBXSourcesBuildPhase;
			buildActionMask = 2147483647;
			files = (
				0E9E16282D85ED7B006375D0 /* CalculatorViewApp.swift in Sources */,
				0EB6033C2D9473E600FA6567 /* DefaultTextFieldStyle.swift in Sources */,
				0E91AE8D2D9387E600501EC1 /* LoadingModifier.swift in Sources */,
				0E9E16332D863AE5006375D0 /* SummaryView.swift in Sources */,
				0E6E23A32D8E48C50081FEFF /* StatusView.swift in Sources */,
				0EB6033A2D946BF400FA6567 /* AuthenticationTabView.swift in Sources */,
				0EB6032E2D94669900FA6567 /* LoginView.swift in Sources */,
				0EB603382D9467D500FA6567 /* ContentViewModel.swift in Sources */,
				0EB6031D2D9452AA00FA6567 /* TransactionDetailsView.swift in Sources */,
				0E9E162B2D85EDA4006375D0 /* CalculatorView.swift in Sources */,
				0E9E16372D863DA7006375D0 /* EarningRow.swift in Sources */,
				0E91AE8F2D938F4200501EC1 /* PaymentType.swift in Sources */,
				0E6E23912D8B9D210081FEFF /* CalculatorViewModel.swift in Sources */,
				0E9E16292D85ED7B006375D0 /* ContentView.swift in Sources */,
				0E6E239B2D8BB5C40081FEFF /* DateExtension.swift in Sources */,
				0E91AE8A2D93860D00501EC1 /* TransactionModel.swift in Sources */,
				0E9E162F2D8639CB006375D0 /* TransactionsHistoryView.swift in Sources */,
				0EB603352D94676D00FA6567 /* ProfileView.swift in Sources */,
				0EB603472D95B76F00FA6567 /* CardStyleModifier.swift in Sources */,
				0EB603332D94675A00FA6567 /* ProfileViewModel.swift in Sources */,
				0EB603262D9465EF00FA6567 /* AuthenticationManager.swift in Sources */,
				0E91AE912D938F5F00501EC1 /* TransactionStatus.swift in Sources */,
				0EB603422D9596D400FA6567 /* AlertModifier.swift in Sources */,
				0EB603402D95963400FA6567 /* DoubleExtension.swift in Sources */,
				0EB6032C2D94668A00FA6567 /* RegisterViewModel.swift in Sources */,
				0EB6031F2D94544C00FA6567 /* StringExtension.swift in Sources */,
				0EB603212D94581400FA6567 /* TransactionDetailsViewModel.swift in Sources */,
				0E9E16312D8639F8006375D0 /* Modifiers.swift in Sources */,
				0E6E23892D8B9CB70081FEFF /* TransactionsHistoryViewModel.swift in Sources */,
				0EB6033E2D94748300FA6567 /* ButtonStyleModifier.swift in Sources */,
				0EB603302D9466BD00FA6567 /* RegisterView.swift in Sources */,
				0E9E162D2D85F5DD006375D0 /* ColorExtension.swift in Sources */,
				0EB603452D95A85500FA6567 /* AlertState.swift in Sources */,
				0EB6032A2D94667E00FA6567 /* LoginViewModel.swift in Sources */,
			);
			runOnlyForDeploymentPostprocessing = 0;
		};
/* End PBXSourcesBuildPhase section */

/* Begin XCBuildConfiguration section */
		0E9E161A2D85ED71006375D0 /* Debug */ = {
			isa = XCBuildConfiguration;
			buildSettings = {
				ALWAYS_SEARCH_USER_PATHS = NO;
				ASSETCATALOG_COMPILER_GENERATE_SWIFT_ASSET_SYMBOL_EXTENSIONS = YES;
				CLANG_ANALYZER_NONNULL = YES;
				CLANG_ANALYZER_NUMBER_OBJECT_CONVERSION = YES_AGGRESSIVE;
				CLANG_CXX_LANGUAGE_STANDARD = "gnu++20";
				CLANG_ENABLE_MODULES = YES;
				CLANG_ENABLE_OBJC_ARC = YES;
				CLANG_ENABLE_OBJC_WEAK = YES;
				CLANG_WARN_BLOCK_CAPTURE_AUTORELEASING = YES;
				CLANG_WARN_BOOL_CONVERSION = YES;
				CLANG_WARN_COMMA = YES;
				CLANG_WARN_CONSTANT_CONVERSION = YES;
				CLANG_WARN_DEPRECATED_OBJC_IMPLEMENTATIONS = YES;
				CLANG_WARN_DIRECT_OBJC_ISA_USAGE = YES_ERROR;
				CLANG_WARN_DOCUMENTATION_COMMENTS = YES;
				CLANG_WARN_EMPTY_BODY = YES;
				CLANG_WARN_ENUM_CONVERSION = YES;
				CLANG_WARN_INFINITE_RECURSION = YES;
				CLANG_WARN_INT_CONVERSION = YES;
				CLANG_WARN_NON_LITERAL_NULL_CONVERSION = YES;
				CLANG_WARN_OBJC_IMPLICIT_RETAIN_SELF = YES;
				CLANG_WARN_OBJC_LITERAL_CONVERSION = YES;
				CLANG_WARN_OBJC_ROOT_CLASS = YES_ERROR;
				CLANG_WARN_QUOTED_INCLUDE_IN_FRAMEWORK_HEADER = YES;
				CLANG_WARN_RANGE_LOOP_ANALYSIS = YES;
				CLANG_WARN_STRICT_PROTOTYPES = YES;
				CLANG_WARN_SUSPICIOUS_MOVE = YES;
				CLANG_WARN_UNGUARDED_AVAILABILITY = YES_AGGRESSIVE;
				CLANG_WARN_UNREACHABLE_CODE = YES;
				CLANG_WARN__DUPLICATE_METHOD_MATCH = YES;
				COPY_PHASE_STRIP = NO;
				DEBUG_INFORMATION_FORMAT = dwarf;
				ENABLE_STRICT_OBJC_MSGSEND = YES;
				ENABLE_TESTABILITY = YES;
				ENABLE_USER_SCRIPT_SANDBOXING = YES;
				GCC_C_LANGUAGE_STANDARD = gnu17;
				GCC_DYNAMIC_NO_PIC = NO;
				GCC_NO_COMMON_BLOCKS = YES;
				GCC_OPTIMIZATION_LEVEL = 0;
				GCC_PREPROCESSOR_DEFINITIONS = (
					"DEBUG=1",
					"$(inherited)",
				);
				GCC_WARN_64_TO_32_BIT_CONVERSION = YES;
				GCC_WARN_ABOUT_RETURN_TYPE = YES_ERROR;
				GCC_WARN_UNDECLARED_SELECTOR = YES;
				GCC_WARN_UNINITIALIZED_AUTOS = YES_AGGRESSIVE;
				GCC_WARN_UNUSED_FUNCTION = YES;
				GCC_WARN_UNUSED_VARIABLE = YES;
				LOCALIZATION_PREFERS_STRING_CATALOGS = YES;
				MTL_ENABLE_DEBUG_INFO = INCLUDE_SOURCE;
				MTL_FAST_MATH = YES;
				ONLY_ACTIVE_ARCH = YES;
				SWIFT_ACTIVE_COMPILATION_CONDITIONS = "DEBUG $(inherited)";
				SWIFT_OPTIMIZATION_LEVEL = "-Onone";
			};
			name = Debug;
		};
		0E9E161B2D85ED71006375D0 /* Release */ = {
			isa = XCBuildConfiguration;
			buildSettings = {
				ALWAYS_SEARCH_USER_PATHS = NO;
				ASSETCATALOG_COMPILER_GENERATE_SWIFT_ASSET_SYMBOL_EXTENSIONS = YES;
				CLANG_ANALYZER_NONNULL = YES;
				CLANG_ANALYZER_NUMBER_OBJECT_CONVERSION = YES_AGGRESSIVE;
				CLANG_CXX_LANGUAGE_STANDARD = "gnu++20";
				CLANG_ENABLE_MODULES = YES;
				CLANG_ENABLE_OBJC_ARC = YES;
				CLANG_ENABLE_OBJC_WEAK = YES;
				CLANG_WARN_BLOCK_CAPTURE_AUTORELEASING = YES;
				CLANG_WARN_BOOL_CONVERSION = YES;
				CLANG_WARN_COMMA = YES;
				CLANG_WARN_CONSTANT_CONVERSION = YES;
				CLANG_WARN_DEPRECATED_OBJC_IMPLEMENTATIONS = YES;
				CLANG_WARN_DIRECT_OBJC_ISA_USAGE = YES_ERROR;
				CLANG_WARN_DOCUMENTATION_COMMENTS = YES;
				CLANG_WARN_EMPTY_BODY = YES;
				CLANG_WARN_ENUM_CONVERSION = YES;
				CLANG_WARN_INFINITE_RECURSION = YES;
				CLANG_WARN_INT_CONVERSION = YES;
				CLANG_WARN_NON_LITERAL_NULL_CONVERSION = YES;
				CLANG_WARN_OBJC_IMPLICIT_RETAIN_SELF = YES;
				CLANG_WARN_OBJC_LITERAL_CONVERSION = YES;
				CLANG_WARN_OBJC_ROOT_CLASS = YES_ERROR;
				CLANG_WARN_QUOTED_INCLUDE_IN_FRAMEWORK_HEADER = YES;
				CLANG_WARN_RANGE_LOOP_ANALYSIS = YES;
				CLANG_WARN_STRICT_PROTOTYPES = YES;
				CLANG_WARN_SUSPICIOUS_MOVE = YES;
				CLANG_WARN_UNGUARDED_AVAILABILITY = YES_AGGRESSIVE;
				CLANG_WARN_UNREACHABLE_CODE = YES;
				CLANG_WARN__DUPLICATE_METHOD_MATCH = YES;
				COPY_PHASE_STRIP = NO;
				DEBUG_INFORMATION_FORMAT = "dwarf-with-dsym";
				ENABLE_NS_ASSERTIONS = NO;
				ENABLE_STRICT_OBJC_MSGSEND = YES;
				ENABLE_USER_SCRIPT_SANDBOXING = YES;
				GCC_C_LANGUAGE_STANDARD = gnu17;
				GCC_NO_COMMON_BLOCKS = YES;
				GCC_WARN_64_TO_32_BIT_CONVERSION = YES;
				GCC_WARN_ABOUT_RETURN_TYPE = YES_ERROR;
				GCC_WARN_UNDECLARED_SELECTOR = YES;
				GCC_WARN_UNINITIALIZED_AUTOS = YES_AGGRESSIVE;
				GCC_WARN_UNUSED_FUNCTION = YES;
				GCC_WARN_UNUSED_VARIABLE = YES;
				LOCALIZATION_PREFERS_STRING_CATALOGS = YES;
				MTL_ENABLE_DEBUG_INFO = NO;
				MTL_FAST_MATH = YES;
				SWIFT_COMPILATION_MODE = wholemodule;
			};
			name = Release;
		};
		0E9E161D2D85ED71006375D0 /* Debug */ = {
			isa = XCBuildConfiguration;
			buildSettings = {
				ASSETCATALOG_COMPILER_APPICON_NAME = AppIcon;
				ASSETCATALOG_COMPILER_GLOBAL_ACCENT_COLOR_NAME = AccentColor;
				CODE_SIGN_ENTITLEMENTS = CalculatorView/CalculatorView.entitlements;
				CODE_SIGN_STYLE = Automatic;
				CURRENT_PROJECT_VERSION = 1;
				DEVELOPMENT_ASSET_PATHS = "\"CalculatorView/Preview Content\"";
				DEVELOPMENT_TEAM = L7W7SEDJZH;
				ENABLE_PREVIEWS = YES;
				GENERATE_INFOPLIST_FILE = YES;
				"INFOPLIST_KEY_UIApplicationSceneManifest_Generation[sdk=iphoneos*]" = YES;
				"INFOPLIST_KEY_UIApplicationSceneManifest_Generation[sdk=iphonesimulator*]" = YES;
				"INFOPLIST_KEY_UIApplicationSupportsIndirectInputEvents[sdk=iphoneos*]" = YES;
				"INFOPLIST_KEY_UIApplicationSupportsIndirectInputEvents[sdk=iphonesimulator*]" = YES;
				"INFOPLIST_KEY_UILaunchScreen_Generation[sdk=iphoneos*]" = YES;
				"INFOPLIST_KEY_UILaunchScreen_Generation[sdk=iphonesimulator*]" = YES;
				"INFOPLIST_KEY_UIStatusBarStyle[sdk=iphoneos*]" = UIStatusBarStyleDefault;
				"INFOPLIST_KEY_UIStatusBarStyle[sdk=iphonesimulator*]" = UIStatusBarStyleDefault;
				INFOPLIST_KEY_UISupportedInterfaceOrientations_iPad = "UIInterfaceOrientationPortrait UIInterfaceOrientationPortraitUpsideDown UIInterfaceOrientationLandscapeLeft UIInterfaceOrientationLandscapeRight";
				INFOPLIST_KEY_UISupportedInterfaceOrientations_iPhone = "UIInterfaceOrientationPortrait UIInterfaceOrientationLandscapeLeft UIInterfaceOrientationLandscapeRight";
				IPHONEOS_DEPLOYMENT_TARGET = 18.2;
				LD_RUNPATH_SEARCH_PATHS = "@executable_path/Frameworks";
				"LD_RUNPATH_SEARCH_PATHS[sdk=macosx*]" = "@executable_path/../Frameworks";
				MACOSX_DEPLOYMENT_TARGET = 15.2;
				MARKETING_VERSION = 1.0;
				PRODUCT_BUNDLE_IDENTIFIER = com.product.calculator;
				PRODUCT_NAME = "$(TARGET_NAME)";
				SDKROOT = auto;
				SUPPORTED_PLATFORMS = "iphoneos iphonesimulator macosx xros xrsimulator";
				SUPPORTS_MACCATALYST = NO;
				SWIFT_EMIT_LOC_STRINGS = YES;
				SWIFT_VERSION = 5.0;
				TARGETED_DEVICE_FAMILY = "2,7";
				XROS_DEPLOYMENT_TARGET = 2.2;
			};
			name = Debug;
		};
		0E9E161E2D85ED71006375D0 /* Release */ = {
			isa = XCBuildConfiguration;
			buildSettings = {
				ASSETCATALOG_COMPILER_APPICON_NAME = AppIcon;
				ASSETCATALOG_COMPILER_GLOBAL_ACCENT_COLOR_NAME = AccentColor;
				CODE_SIGN_ENTITLEMENTS = CalculatorView/CalculatorView.entitlements;
				CODE_SIGN_STYLE = Automatic;
				CURRENT_PROJECT_VERSION = 1;
				DEVELOPMENT_ASSET_PATHS = "\"CalculatorView/Preview Content\"";
				DEVELOPMENT_TEAM = L7W7SEDJZH;
				ENABLE_PREVIEWS = YES;
				GENERATE_INFOPLIST_FILE = YES;
				"INFOPLIST_KEY_UIApplicationSceneManifest_Generation[sdk=iphoneos*]" = YES;
				"INFOPLIST_KEY_UIApplicationSceneManifest_Generation[sdk=iphonesimulator*]" = YES;
				"INFOPLIST_KEY_UIApplicationSupportsIndirectInputEvents[sdk=iphoneos*]" = YES;
				"INFOPLIST_KEY_UIApplicationSupportsIndirectInputEvents[sdk=iphonesimulator*]" = YES;
				"INFOPLIST_KEY_UILaunchScreen_Generation[sdk=iphoneos*]" = YES;
				"INFOPLIST_KEY_UILaunchScreen_Generation[sdk=iphonesimulator*]" = YES;
				"INFOPLIST_KEY_UIStatusBarStyle[sdk=iphoneos*]" = UIStatusBarStyleDefault;
				"INFOPLIST_KEY_UIStatusBarStyle[sdk=iphonesimulator*]" = UIStatusBarStyleDefault;
				INFOPLIST_KEY_UISupportedInterfaceOrientations_iPad = "UIInterfaceOrientationPortrait UIInterfaceOrientationPortraitUpsideDown UIInterfaceOrientationLandscapeLeft UIInterfaceOrientationLandscapeRight";
				INFOPLIST_KEY_UISupportedInterfaceOrientations_iPhone = "UIInterfaceOrientationPortrait UIInterfaceOrientationLandscapeLeft UIInterfaceOrientationLandscapeRight";
				IPHONEOS_DEPLOYMENT_TARGET = 18.2;
				LD_RUNPATH_SEARCH_PATHS = "@executable_path/Frameworks";
				"LD_RUNPATH_SEARCH_PATHS[sdk=macosx*]" = "@executable_path/../Frameworks";
				MACOSX_DEPLOYMENT_TARGET = 15.2;
				MARKETING_VERSION = 1.0;
				PRODUCT_BUNDLE_IDENTIFIER = com.product.calculator;
				PRODUCT_NAME = "$(TARGET_NAME)";
				SDKROOT = auto;
				SUPPORTED_PLATFORMS = "iphoneos iphonesimulator macosx xros xrsimulator";
				SUPPORTS_MACCATALYST = NO;
				SWIFT_EMIT_LOC_STRINGS = YES;
				SWIFT_VERSION = 5.0;
				TARGETED_DEVICE_FAMILY = "2,7";
				XROS_DEPLOYMENT_TARGET = 2.2;
			};
			name = Release;
		};
/* End XCBuildConfiguration section */

/* Begin XCConfigurationList section */
		0E9E16082D85ED6E006375D0 /* Build configuration list for PBXProject "CalculatorView" */ = {
			isa = XCConfigurationList;
			buildConfigurations = (
				0E9E161A2D85ED71006375D0 /* Debug */,
				0E9E161B2D85ED71006375D0 /* Release */,
			);
			defaultConfigurationIsVisible = 0;
			defaultConfigurationName = Release;
		};
		0E9E161C2D85ED71006375D0 /* Build configuration list for PBXNativeTarget "CalculatorView" */ = {
			isa = XCConfigurationList;
			buildConfigurations = (
				0E9E161D2D85ED71006375D0 /* Debug */,
				0E9E161E2D85ED71006375D0 /* Release */,
			);
			defaultConfigurationIsVisible = 0;
			defaultConfigurationName = Release;
		};
/* End XCConfigurationList section */

/* Begin XCRemoteSwiftPackageReference section */
		0E6E23942D8B9FA60081FEFF /* XCRemoteSwiftPackageReference "firebase-ios-sdk" */ = {
			isa = XCRemoteSwiftPackageReference;
			repositoryURL = "https://github.com/firebase/firebase-ios-sdk";
			requirement = {
				kind = upToNextMajorVersion;
				minimumVersion = 11.10.0;
			};
		};
/* End XCRemoteSwiftPackageReference section */

/* Begin XCSwiftPackageProductDependency section */
		0E6E23952D8B9FA60081FEFF /* FirebaseCore */ = {
			isa = XCSwiftPackageProductDependency;
			package = 0E6E23942D8B9FA60081FEFF /* XCRemoteSwiftPackageReference "firebase-ios-sdk" */;
			productName = FirebaseCore;
		};
		0E6E23972D8B9FA60081FEFF /* FirebaseFirestore */ = {
			isa = XCSwiftPackageProductDependency;
			package = 0E6E23942D8B9FA60081FEFF /* XCRemoteSwiftPackageReference "firebase-ios-sdk" */;
			productName = FirebaseFirestore;
		};
		0EB603272D94664100FA6567 /* FirebaseAuth */ = {
			isa = XCSwiftPackageProductDependency;
			package = 0E6E23942D8B9FA60081FEFF /* XCRemoteSwiftPackageReference "firebase-ios-sdk" */;
			productName = FirebaseAuth;
		};
/* End XCSwiftPackageProductDependency section */
	};
	rootObject = 0E9E16052D85ED6E006375D0 /* Project object */;
}
